<?xml version="1.0" encoding="utf-8"?>
<Project ToolsVersion="4.0" xmlns="http://schemas.microsoft.com/developer/msbuild/2003">
  <ItemGroup>
    <Filter Include="Source Files">
      <UniqueIdentifier>{4ddae6fb-3a86-4405-85f9-9babda0749c1}</UniqueIdentifier>
    </Filter>
    <Filter Include="Generated Files">
      <UniqueIdentifier>{86a586d6-e715-47e6-987b-358b77116a85}</UniqueIdentifier>
      <SourceControlFiles>False</SourceControlFiles>
    </Filter>
  </ItemGroup>
  <ItemGroup>
    <None Include="WordPredictorps.def" />
  </ItemGroup>
  <ItemGroup>
    <ClCompile Include="WordPredictor_i.c">
      <Filter>Generated Files</Filter>
    </ClCompile>
    <ClCompile Include="WordPredictor_p.c">
      <Filter>Generated Files</Filter>
    </ClCompile>
    <ClCompile Include="dlldata.c">
      <Filter>Generated Files</Filter>
    </ClCompile>
  </ItemGroup>
</Project>